// !$*UTF8*$!
{
	archiveVersion = 1;
	classes = {
	};
	objectVersion = 50;
	objects = {

/* Begin PBXBuildFile section */
		88DFDC8A24ACFF0A003E9695 /* DamageViewController.swift in Sources */ = {isa = PBXBuildFile; fileRef = 88DFDC8924ACFF0A003E9695 /* DamageViewController.swift */; };
		DA0D1E92247932AC005BBF60 /* Coordinates+CoreDataClass.swift in Sources */ = {isa = PBXBuildFile; fileRef = DA0D1E90247932AC005BBF60 /* Coordinates+CoreDataClass.swift */; };
		DA0D1E93247932AC005BBF60 /* Coordinates+CoreDataProperties.swift in Sources */ = {isa = PBXBuildFile; fileRef = DA0D1E91247932AC005BBF60 /* Coordinates+CoreDataProperties.swift */; };
		DA0DE10A247AFAC80085EE52 /* CoreDataStack.swift in Sources */ = {isa = PBXBuildFile; fileRef = DA0DE109247AFAC80085EE52 /* CoreDataStack.swift */; };
		DA3A56D7245EAF3E00252265 /* TabBarController.swift in Sources */ = {isa = PBXBuildFile; fileRef = DA3A56D6245EAF3E00252265 /* TabBarController.swift */; };
		DA86A3A72494BEAA004F1E2B /* Aircraft+CoreDataClass.swift in Sources */ = {isa = PBXBuildFile; fileRef = DA86A3A52494BEAA004F1E2B /* Aircraft+CoreDataClass.swift */; };
		DA86A3A82494BEAA004F1E2B /* Aircraft+CoreDataProperties.swift in Sources */ = {isa = PBXBuildFile; fileRef = DA86A3A62494BEAA004F1E2B /* Aircraft+CoreDataProperties.swift */; };
		DA93242A2497A57B00CD219E /* ReportSelectionViewController.swift in Sources */ = {isa = PBXBuildFile; fileRef = DA9324292497A57A00CD219E /* ReportSelectionViewController.swift */; };
		DA9644412470151800B53D39 /* PlaceholderViewController.swift in Sources */ = {isa = PBXBuildFile; fileRef = DA9644402470151800B53D39 /* PlaceholderViewController.swift */; };
		DAAA4D832455AC45008A71CD /* PlaneSelectionViewController.swift in Sources */ = {isa = PBXBuildFile; fileRef = DAAA4D822455AC45008A71CD /* PlaneSelectionViewController.swift */; };
		DAAC6CF02498BE53004C68C2 /* Albedo.jpg in Resources */ = {isa = PBXBuildFile; fileRef = DAAC6CEC2498BE53004C68C2 /* Albedo.jpg */; };
		DAAC6CF12498BE53004C68C2 /* fullsize.dae in Resources */ = {isa = PBXBuildFile; fileRef = DAAC6CED2498BE53004C68C2 /* fullsize.dae */; };
		DAAC6CF22498BE53004C68C2 /* fullsize.mtl in Resources */ = {isa = PBXBuildFile; fileRef = DAAC6CEE2498BE53004C68C2 /* fullsize.mtl */; };
		DAAC6CF32498BE53004C68C2 /* fullsize.obj in Resources */ = {isa = PBXBuildFile; fileRef = DAAC6CEF2498BE53004C68C2 /* fullsize.obj */; };
		DAAC6CF52498BE79004C68C2 /* fullsize.scn in Resources */ = {isa = PBXBuildFile; fileRef = DAAC6CF42498BE79004C68C2 /* fullsize.scn */; };
		DAC405DF244B707E00861A14 /* WelcomeViewController.swift in Sources */ = {isa = PBXBuildFile; fileRef = DAC405DE244B707E00861A14 /* WelcomeViewController.swift */; };
		DACF002C243645120080D201 /* AppDelegate.swift in Sources */ = {isa = PBXBuildFile; fileRef = DACF002B243645120080D201 /* AppDelegate.swift */; };
		DACF002E243645120080D201 /* SceneDelegate.swift in Sources */ = {isa = PBXBuildFile; fileRef = DACF002D243645120080D201 /* SceneDelegate.swift */; };
		DACF0030243645120080D201 /* ViewController.swift in Sources */ = {isa = PBXBuildFile; fileRef = DACF002F243645120080D201 /* ViewController.swift */; };
		DACF0038243645150080D201 /* Assets.xcassets in Resources */ = {isa = PBXBuildFile; fileRef = DACF0037243645150080D201 /* Assets.xcassets */; };
		DACF003B243645150080D201 /* LaunchScreen.storyboard in Resources */ = {isa = PBXBuildFile; fileRef = DACF0039243645150080D201 /* LaunchScreen.storyboard */; };
		DACF0046243645150080D201 /* NLR_ARTests.swift in Sources */ = {isa = PBXBuildFile; fileRef = DACF0045243645150080D201 /* NLR_ARTests.swift */; };
		DACF0051243645150080D201 /* NLR_ARUITests.swift in Sources */ = {isa = PBXBuildFile; fileRef = DACF0050243645150080D201 /* NLR_ARUITests.swift */; };
		DAE2C31A247928C400B58E81 /* NLR_AR.xcdatamodeld in Sources */ = {isa = PBXBuildFile; fileRef = DAE2C318247928C400B58E81 /* NLR_AR.xcdatamodeld */; };
		DAE2C31F24792A1B00B58E81 /* DamageNode+CoreDataClass.swift in Sources */ = {isa = PBXBuildFile; fileRef = DAE2C31B24792A1B00B58E81 /* DamageNode+CoreDataClass.swift */; };
		DAE2C32024792A1B00B58E81 /* DamageNode+CoreDataProperties.swift in Sources */ = {isa = PBXBuildFile; fileRef = DAE2C31C24792A1B00B58E81 /* DamageNode+CoreDataProperties.swift */; };
/* End PBXBuildFile section */

/* Begin PBXContainerItemProxy section */
		DACF0042243645150080D201 /* PBXContainerItemProxy */ = {
			isa = PBXContainerItemProxy;
			containerPortal = DACF0020243645120080D201 /* Project object */;
			proxyType = 1;
			remoteGlobalIDString = DACF0027243645120080D201;
			remoteInfo = "NLR AR";
		};
		DACF004D243645150080D201 /* PBXContainerItemProxy */ = {
			isa = PBXContainerItemProxy;
			containerPortal = DACF0020243645120080D201 /* Project object */;
			proxyType = 1;
			remoteGlobalIDString = DACF0027243645120080D201;
			remoteInfo = "NLR AR";
		};
/* End PBXContainerItemProxy section */

/* Begin PBXFileReference section */
		88DFDC8924ACFF0A003E9695 /* DamageViewController.swift */ = {isa = PBXFileReference; lastKnownFileType = sourcecode.swift; path = DamageViewController.swift; sourceTree = "<group>"; };
		DA0D1E90247932AC005BBF60 /* Coordinates+CoreDataClass.swift */ = {isa = PBXFileReference; lastKnownFileType = sourcecode.swift; path = "Coordinates+CoreDataClass.swift"; sourceTree = "<group>"; };
		DA0D1E91247932AC005BBF60 /* Coordinates+CoreDataProperties.swift */ = {isa = PBXFileReference; lastKnownFileType = sourcecode.swift; path = "Coordinates+CoreDataProperties.swift"; sourceTree = "<group>"; };
		DA0DE109247AFAC80085EE52 /* CoreDataStack.swift */ = {isa = PBXFileReference; lastKnownFileType = sourcecode.swift; path = CoreDataStack.swift; sourceTree = "<group>"; };
		DA3A56D6245EAF3E00252265 /* TabBarController.swift */ = {isa = PBXFileReference; lastKnownFileType = sourcecode.swift; path = TabBarController.swift; sourceTree = "<group>"; };
		DA86A3A52494BEAA004F1E2B /* Aircraft+CoreDataClass.swift */ = {isa = PBXFileReference; lastKnownFileType = sourcecode.swift; path = "Aircraft+CoreDataClass.swift"; sourceTree = "<group>"; };
		DA86A3A62494BEAA004F1E2B /* Aircraft+CoreDataProperties.swift */ = {isa = PBXFileReference; lastKnownFileType = sourcecode.swift; path = "Aircraft+CoreDataProperties.swift"; sourceTree = "<group>"; };
		DA9324292497A57A00CD219E /* ReportSelectionViewController.swift */ = {isa = PBXFileReference; fileEncoding = 4; lastKnownFileType = sourcecode.swift; path = ReportSelectionViewController.swift; sourceTree = "<group>"; };
		DA9644402470151800B53D39 /* PlaceholderViewController.swift */ = {isa = PBXFileReference; lastKnownFileType = sourcecode.swift; path = PlaceholderViewController.swift; sourceTree = "<group>"; };
		DAAA4D822455AC45008A71CD /* PlaneSelectionViewController.swift */ = {isa = PBXFileReference; fileEncoding = 4; lastKnownFileType = sourcecode.swift; path = PlaneSelectionViewController.swift; sourceTree = "<group>"; };
		DAAC6CEC2498BE53004C68C2 /* Albedo.jpg */ = {isa = PBXFileReference; lastKnownFileType = image.jpeg; path = Albedo.jpg; sourceTree = "<group>"; };
		DAAC6CED2498BE53004C68C2 /* fullsize.dae */ = {isa = PBXFileReference; fileEncoding = 4; lastKnownFileType = text.xml.dae; path = fullsize.dae; sourceTree = "<group>"; };
		DAAC6CEE2498BE53004C68C2 /* fullsize.mtl */ = {isa = PBXFileReference; fileEncoding = 4; lastKnownFileType = text; path = fullsize.mtl; sourceTree = "<group>"; };
		DAAC6CEF2498BE53004C68C2 /* fullsize.obj */ = {isa = PBXFileReference; fileEncoding = 4; lastKnownFileType = text; path = fullsize.obj; sourceTree = "<group>"; };
		DAAC6CF42498BE79004C68C2 /* fullsize.scn */ = {isa = PBXFileReference; lastKnownFileType = file.bplist; path = fullsize.scn; sourceTree = "<group>"; };
		DAC405DE244B707E00861A14 /* WelcomeViewController.swift */ = {isa = PBXFileReference; fileEncoding = 4; lastKnownFileType = sourcecode.swift; path = WelcomeViewController.swift; sourceTree = "<group>"; };
		DACF0028243645120080D201 /* NLR AR.app */ = {isa = PBXFileReference; explicitFileType = wrapper.application; includeInIndex = 0; path = "NLR AR.app"; sourceTree = BUILT_PRODUCTS_DIR; };
		DACF002B243645120080D201 /* AppDelegate.swift */ = {isa = PBXFileReference; lastKnownFileType = sourcecode.swift; path = AppDelegate.swift; sourceTree = "<group>"; };
		DACF002D243645120080D201 /* SceneDelegate.swift */ = {isa = PBXFileReference; lastKnownFileType = sourcecode.swift; path = SceneDelegate.swift; sourceTree = "<group>"; };
		DACF002F243645120080D201 /* ViewController.swift */ = {isa = PBXFileReference; lastKnownFileType = sourcecode.swift; path = ViewController.swift; sourceTree = "<group>"; };
		DACF0037243645150080D201 /* Assets.xcassets */ = {isa = PBXFileReference; lastKnownFileType = folder.assetcatalog; path = Assets.xcassets; sourceTree = "<group>"; };
		DACF003A243645150080D201 /* Base */ = {isa = PBXFileReference; lastKnownFileType = file.storyboard; name = Base; path = Base.lproj/LaunchScreen.storyboard; sourceTree = "<group>"; };
		DACF003C243645150080D201 /* Info.plist */ = {isa = PBXFileReference; lastKnownFileType = text.plist.xml; path = Info.plist; sourceTree = "<group>"; };
		DACF0041243645150080D201 /* NLR ARTests.xctest */ = {isa = PBXFileReference; explicitFileType = wrapper.cfbundle; includeInIndex = 0; path = "NLR ARTests.xctest"; sourceTree = BUILT_PRODUCTS_DIR; };
		DACF0045243645150080D201 /* NLR_ARTests.swift */ = {isa = PBXFileReference; lastKnownFileType = sourcecode.swift; path = NLR_ARTests.swift; sourceTree = "<group>"; };
		DACF0047243645150080D201 /* Info.plist */ = {isa = PBXFileReference; lastKnownFileType = text.plist.xml; path = Info.plist; sourceTree = "<group>"; };
		DACF004C243645150080D201 /* NLR ARUITests.xctest */ = {isa = PBXFileReference; explicitFileType = wrapper.cfbundle; includeInIndex = 0; path = "NLR ARUITests.xctest"; sourceTree = BUILT_PRODUCTS_DIR; };
		DACF0050243645150080D201 /* NLR_ARUITests.swift */ = {isa = PBXFileReference; lastKnownFileType = sourcecode.swift; path = NLR_ARUITests.swift; sourceTree = "<group>"; };
		DACF0052243645150080D201 /* Info.plist */ = {isa = PBXFileReference; lastKnownFileType = text.plist.xml; path = Info.plist; sourceTree = "<group>"; };
		DAE2C319247928C400B58E81 /* NLR_AR.xcdatamodel */ = {isa = PBXFileReference; lastKnownFileType = wrapper.xcdatamodel; path = NLR_AR.xcdatamodel; sourceTree = "<group>"; };
		DAE2C31B24792A1B00B58E81 /* DamageNode+CoreDataClass.swift */ = {isa = PBXFileReference; lastKnownFileType = sourcecode.swift; path = "DamageNode+CoreDataClass.swift"; sourceTree = "<group>"; };
		DAE2C31C24792A1B00B58E81 /* DamageNode+CoreDataProperties.swift */ = {isa = PBXFileReference; lastKnownFileType = sourcecode.swift; path = "DamageNode+CoreDataProperties.swift"; sourceTree = "<group>"; };
/* End PBXFileReference section */

/* Begin PBXFrameworksBuildPhase section */
		DACF0025243645120080D201 /* Frameworks */ = {
			isa = PBXFrameworksBuildPhase;
			buildActionMask = 2147483647;
			files = (
			);
			runOnlyForDeploymentPostprocessing = 0;
		};
		DACF003E243645150080D201 /* Frameworks */ = {
			isa = PBXFrameworksBuildPhase;
			buildActionMask = 2147483647;
			files = (
			);
			runOnlyForDeploymentPostprocessing = 0;
		};
		DACF0049243645150080D201 /* Frameworks */ = {
			isa = PBXFrameworksBuildPhase;
			buildActionMask = 2147483647;
			files = (
			);
			runOnlyForDeploymentPostprocessing = 0;
		};
/* End PBXFrameworksBuildPhase section */

/* Begin PBXGroup section */
		DAAC6CEB2498BE53004C68C2 /* fullsize */ = {
			isa = PBXGroup;
			children = (
				DAAC6CEC2498BE53004C68C2 /* Albedo.jpg */,
				DAAC6CED2498BE53004C68C2 /* fullsize.dae */,
				DAAC6CF42498BE79004C68C2 /* fullsize.scn */,
				DAAC6CEE2498BE53004C68C2 /* fullsize.mtl */,
				DAAC6CEF2498BE53004C68C2 /* fullsize.obj */,
			);
			path = fullsize;
			sourceTree = "<group>";
		};
		DACF001F243645120080D201 = {
			isa = PBXGroup;
			children = (
				DA86A3A52494BEAA004F1E2B /* Aircraft+CoreDataClass.swift */,
				DA86A3A62494BEAA004F1E2B /* Aircraft+CoreDataProperties.swift */,
				DA0D1E90247932AC005BBF60 /* Coordinates+CoreDataClass.swift */,
				DA0D1E91247932AC005BBF60 /* Coordinates+CoreDataProperties.swift */,
				DAE2C31B24792A1B00B58E81 /* DamageNode+CoreDataClass.swift */,
				DAE2C31C24792A1B00B58E81 /* DamageNode+CoreDataProperties.swift */,
				DAE2C318247928C400B58E81 /* NLR_AR.xcdatamodeld */,
				DACF002A243645120080D201 /* NLR AR */,
				DACF0044243645150080D201 /* NLR ARTests */,
				DACF004F243645150080D201 /* NLR ARUITests */,
				DACF0029243645120080D201 /* Products */,
			);
			sourceTree = "<group>";
		};
		DACF0029243645120080D201 /* Products */ = {
			isa = PBXGroup;
			children = (
				DACF0028243645120080D201 /* NLR AR.app */,
				DACF0041243645150080D201 /* NLR ARTests.xctest */,
				DACF004C243645150080D201 /* NLR ARUITests.xctest */,
			);
			name = Products;
			sourceTree = "<group>";
		};
		DACF002A243645120080D201 /* NLR AR */ = {
			isa = PBXGroup;
			children = (
				DAC405DE244B707E00861A14 /* WelcomeViewController.swift */,
				DAAA4D822455AC45008A71CD /* PlaneSelectionViewController.swift */,
				DACF002B243645120080D201 /* AppDelegate.swift */,
				DA0DE109247AFAC80085EE52 /* CoreDataStack.swift */,
				88DFDC8924ACFF0A003E9695 /* DamageViewController.swift */,
				DACF002D243645120080D201 /* SceneDelegate.swift */,
				DA9324292497A57A00CD219E /* ReportSelectionViewController.swift */,
				DACF002F243645120080D201 /* ViewController.swift */,
				DA3A56D6245EAF3E00252265 /* TabBarController.swift */,
				DA9644402470151800B53D39 /* PlaceholderViewController.swift */,
				DACF0037243645150080D201 /* Assets.xcassets */,
				DAAC6CEB2498BE53004C68C2 /* fullsize */,
				DACF0039243645150080D201 /* LaunchScreen.storyboard */,
				DACF003C243645150080D201 /* Info.plist */,
			);
			path = "NLR AR";
			sourceTree = "<group>";
		};
		DACF0044243645150080D201 /* NLR ARTests */ = {
			isa = PBXGroup;
			children = (
				DACF0045243645150080D201 /* NLR_ARTests.swift */,
				DACF0047243645150080D201 /* Info.plist */,
			);
			path = "NLR ARTests";
			sourceTree = "<group>";
		};
		DACF004F243645150080D201 /* NLR ARUITests */ = {
			isa = PBXGroup;
			children = (
				DACF0050243645150080D201 /* NLR_ARUITests.swift */,
				DACF0052243645150080D201 /* Info.plist */,
			);
			path = "NLR ARUITests";
			sourceTree = "<group>";
		};
/* End PBXGroup section */

/* Begin PBXNativeTarget section */
		DACF0027243645120080D201 /* NLR AR */ = {
			isa = PBXNativeTarget;
			buildConfigurationList = DACF0055243645150080D201 /* Build configuration list for PBXNativeTarget "NLR AR" */;
			buildPhases = (
				DACF0024243645120080D201 /* Sources */,
				DACF0025243645120080D201 /* Frameworks */,
				DACF0026243645120080D201 /* Resources */,
			);
			buildRules = (
			);
			dependencies = (
			);
			name = "NLR AR";
			productName = "NLR AR";
			productReference = DACF0028243645120080D201 /* NLR AR.app */;
			productType = "com.apple.product-type.application";
		};
		DACF0040243645150080D201 /* NLR ARTests */ = {
			isa = PBXNativeTarget;
			buildConfigurationList = DACF0058243645150080D201 /* Build configuration list for PBXNativeTarget "NLR ARTests" */;
			buildPhases = (
				DACF003D243645150080D201 /* Sources */,
				DACF003E243645150080D201 /* Frameworks */,
				DACF003F243645150080D201 /* Resources */,
			);
			buildRules = (
			);
			dependencies = (
				DACF0043243645150080D201 /* PBXTargetDependency */,
			);
			name = "NLR ARTests";
			productName = "NLR ARTests";
			productReference = DACF0041243645150080D201 /* NLR ARTests.xctest */;
			productType = "com.apple.product-type.bundle.unit-test";
		};
		DACF004B243645150080D201 /* NLR ARUITests */ = {
			isa = PBXNativeTarget;
			buildConfigurationList = DACF005B243645150080D201 /* Build configuration list for PBXNativeTarget "NLR ARUITests" */;
			buildPhases = (
				DACF0048243645150080D201 /* Sources */,
				DACF0049243645150080D201 /* Frameworks */,
				DACF004A243645150080D201 /* Resources */,
			);
			buildRules = (
			);
			dependencies = (
				DACF004E243645150080D201 /* PBXTargetDependency */,
			);
			name = "NLR ARUITests";
			productName = "NLR ARUITests";
			productReference = DACF004C243645150080D201 /* NLR ARUITests.xctest */;
			productType = "com.apple.product-type.bundle.ui-testing";
		};
/* End PBXNativeTarget section */

/* Begin PBXProject section */
		DACF0020243645120080D201 /* Project object */ = {
			isa = PBXProject;
			attributes = {
				LastSwiftUpdateCheck = 1140;
				LastUpgradeCheck = 1140;
				ORGANIZATIONNAME = "Geart Otten";
				TargetAttributes = {
					DACF0027243645120080D201 = {
						CreatedOnToolsVersion = 11.4;
					};
					DACF0040243645150080D201 = {
						CreatedOnToolsVersion = 11.4;
						TestTargetID = DACF0027243645120080D201;
					};
					DACF004B243645150080D201 = {
						CreatedOnToolsVersion = 11.4;
						TestTargetID = DACF0027243645120080D201;
					};
				};
			};
			buildConfigurationList = DACF0023243645120080D201 /* Build configuration list for PBXProject "NLR AR" */;
			compatibilityVersion = "Xcode 9.3";
			developmentRegion = en;
			hasScannedForEncodings = 0;
			knownRegions = (
				en,
				Base,
			);
			mainGroup = DACF001F243645120080D201;
			productRefGroup = DACF0029243645120080D201 /* Products */;
			projectDirPath = "";
			projectRoot = "";
			targets = (
				DACF0027243645120080D201 /* NLR AR */,
				DACF0040243645150080D201 /* NLR ARTests */,
				DACF004B243645150080D201 /* NLR ARUITests */,
			);
		};
/* End PBXProject section */

/* Begin PBXResourcesBuildPhase section */
		DACF0026243645120080D201 /* Resources */ = {
			isa = PBXResourcesBuildPhase;
			buildActionMask = 2147483647;
			files = (
				DAAC6CF32498BE53004C68C2 /* fullsize.obj in Resources */,
				DACF003B243645150080D201 /* LaunchScreen.storyboard in Resources */,
				DACF0038243645150080D201 /* Assets.xcassets in Resources */,
				DAAC6CF22498BE53004C68C2 /* fullsize.mtl in Resources */,
				DAAC6CF02498BE53004C68C2 /* Albedo.jpg in Resources */,
				DAAC6CF12498BE53004C68C2 /* fullsize.dae in Resources */,
				DAAC6CF52498BE79004C68C2 /* fullsize.scn in Resources */,
			);
			runOnlyForDeploymentPostprocessing = 0;
		};
		DACF003F243645150080D201 /* Resources */ = {
			isa = PBXResourcesBuildPhase;
			buildActionMask = 2147483647;
			files = (
			);
			runOnlyForDeploymentPostprocessing = 0;
		};
		DACF004A243645150080D201 /* Resources */ = {
			isa = PBXResourcesBuildPhase;
			buildActionMask = 2147483647;
			files = (
			);
			runOnlyForDeploymentPostprocessing = 0;
		};
/* End PBXResourcesBuildPhase section */

/* Begin PBXSourcesBuildPhase section */
		DACF0024243645120080D201 /* Sources */ = {
			isa = PBXSourcesBuildPhase;
			buildActionMask = 2147483647;
			files = (
				DACF0030243645120080D201 /* ViewController.swift in Sources */,
				DA0D1E92247932AC005BBF60 /* Coordinates+CoreDataClass.swift in Sources */,
				DAC405DF244B707E00861A14 /* WelcomeViewController.swift in Sources */,
				DA93242A2497A57B00CD219E /* ReportSelectionViewController.swift in Sources */,
				88DFDC8A24ACFF0A003E9695 /* DamageViewController.swift in Sources */,
				DACF002C243645120080D201 /* AppDelegate.swift in Sources */,
				DA9644412470151800B53D39 /* PlaceholderViewController.swift in Sources */,
				DA3A56D7245EAF3E00252265 /* TabBarController.swift in Sources */,
				DAAA4D832455AC45008A71CD /* PlaneSelectionViewController.swift in Sources */,
				DAE2C31F24792A1B00B58E81 /* DamageNode+CoreDataClass.swift in Sources */,
				DA0DE10A247AFAC80085EE52 /* CoreDataStack.swift in Sources */,
				DACF002E243645120080D201 /* SceneDelegate.swift in Sources */,
				DAE2C32024792A1B00B58E81 /* DamageNode+CoreDataProperties.swift in Sources */,
				DAE2C31A247928C400B58E81 /* NLR_AR.xcdatamodeld in Sources */,
				DA0D1E93247932AC005BBF60 /* Coordinates+CoreDataProperties.swift in Sources */,
				DA86A3A82494BEAA004F1E2B /* Aircraft+CoreDataProperties.swift in Sources */,
				DA86A3A72494BEAA004F1E2B /* Aircraft+CoreDataClass.swift in Sources */,
			);
			runOnlyForDeploymentPostprocessing = 0;
		};
		DACF003D243645150080D201 /* Sources */ = {
			isa = PBXSourcesBuildPhase;
			buildActionMask = 2147483647;
			files = (
				DACF0046243645150080D201 /* NLR_ARTests.swift in Sources */,
			);
			runOnlyForDeploymentPostprocessing = 0;
		};
		DACF0048243645150080D201 /* Sources */ = {
			isa = PBXSourcesBuildPhase;
			buildActionMask = 2147483647;
			files = (
				DACF0051243645150080D201 /* NLR_ARUITests.swift in Sources */,
			);
			runOnlyForDeploymentPostprocessing = 0;
		};
/* End PBXSourcesBuildPhase section */

/* Begin PBXTargetDependency section */
		DACF0043243645150080D201 /* PBXTargetDependency */ = {
			isa = PBXTargetDependency;
			target = DACF0027243645120080D201 /* NLR AR */;
			targetProxy = DACF0042243645150080D201 /* PBXContainerItemProxy */;
		};
		DACF004E243645150080D201 /* PBXTargetDependency */ = {
			isa = PBXTargetDependency;
			target = DACF0027243645120080D201 /* NLR AR */;
			targetProxy = DACF004D243645150080D201 /* PBXContainerItemProxy */;
		};
/* End PBXTargetDependency section */

/* Begin PBXVariantGroup section */
		DACF0039243645150080D201 /* LaunchScreen.storyboard */ = {
			isa = PBXVariantGroup;
			children = (
				DACF003A243645150080D201 /* Base */,
			);
			name = LaunchScreen.storyboard;
			sourceTree = "<group>";
		};
/* End PBXVariantGroup section */

/* Begin XCBuildConfiguration section */
		DACF0053243645150080D201 /* Debug */ = {
			isa = XCBuildConfiguration;
			buildSettings = {
				ALWAYS_SEARCH_USER_PATHS = NO;
				CLANG_ANALYZER_NONNULL = YES;
				CLANG_ANALYZER_NUMBER_OBJECT_CONVERSION = YES_AGGRESSIVE;
				CLANG_CXX_LANGUAGE_STANDARD = "gnu++14";
				CLANG_CXX_LIBRARY = "libc++";
				CLANG_ENABLE_MODULES = YES;
				CLANG_ENABLE_OBJC_ARC = YES;
				CLANG_ENABLE_OBJC_WEAK = YES;
				CLANG_WARN_BLOCK_CAPTURE_AUTORELEASING = YES;
				CLANG_WARN_BOOL_CONVERSION = YES;
				CLANG_WARN_COMMA = YES;
				CLANG_WARN_CONSTANT_CONVERSION = YES;
				CLANG_WARN_DEPRECATED_OBJC_IMPLEMENTATIONS = YES;
				CLANG_WARN_DIRECT_OBJC_ISA_USAGE = YES_ERROR;
				CLANG_WARN_DOCUMENTATION_COMMENTS = YES;
				CLANG_WARN_EMPTY_BODY = YES;
				CLANG_WARN_ENUM_CONVERSION = YES;
				CLANG_WARN_INFINITE_RECURSION = YES;
				CLANG_WARN_INT_CONVERSION = YES;
				CLANG_WARN_NON_LITERAL_NULL_CONVERSION = YES;
				CLANG_WARN_OBJC_IMPLICIT_RETAIN_SELF = YES;
				CLANG_WARN_OBJC_LITERAL_CONVERSION = YES;
				CLANG_WARN_OBJC_ROOT_CLASS = YES_ERROR;
				CLANG_WARN_RANGE_LOOP_ANALYSIS = YES;
				CLANG_WARN_STRICT_PROTOTYPES = YES;
				CLANG_WARN_SUSPICIOUS_MOVE = YES;
				CLANG_WARN_UNGUARDED_AVAILABILITY = YES_AGGRESSIVE;
				CLANG_WARN_UNREACHABLE_CODE = YES;
				CLANG_WARN__DUPLICATE_METHOD_MATCH = YES;
				COPY_PHASE_STRIP = NO;
				DEBUG_INFORMATION_FORMAT = dwarf;
				ENABLE_STRICT_OBJC_MSGSEND = YES;
				ENABLE_TESTABILITY = YES;
				GCC_C_LANGUAGE_STANDARD = gnu11;
				GCC_DYNAMIC_NO_PIC = NO;
				GCC_NO_COMMON_BLOCKS = YES;
				GCC_OPTIMIZATION_LEVEL = 0;
				GCC_PREPROCESSOR_DEFINITIONS = (
					"DEBUG=1",
					"$(inherited)",
				);
				GCC_WARN_64_TO_32_BIT_CONVERSION = YES;
				GCC_WARN_ABOUT_RETURN_TYPE = YES_ERROR;
				GCC_WARN_UNDECLARED_SELECTOR = YES;
				GCC_WARN_UNINITIALIZED_AUTOS = YES_AGGRESSIVE;
				GCC_WARN_UNUSED_FUNCTION = YES;
				GCC_WARN_UNUSED_VARIABLE = YES;
				IPHONEOS_DEPLOYMENT_TARGET = 13.4;
				MTL_ENABLE_DEBUG_INFO = INCLUDE_SOURCE;
				MTL_FAST_MATH = YES;
				ONLY_ACTIVE_ARCH = YES;
				SDKROOT = iphoneos;
				SWIFT_ACTIVE_COMPILATION_CONDITIONS = DEBUG;
				SWIFT_OPTIMIZATION_LEVEL = "-Onone";
			};
			name = Debug;
		};
		DACF0054243645150080D201 /* Release */ = {
			isa = XCBuildConfiguration;
			buildSettings = {
				ALWAYS_SEARCH_USER_PATHS = NO;
				CLANG_ANALYZER_NONNULL = YES;
				CLANG_ANALYZER_NUMBER_OBJECT_CONVERSION = YES_AGGRESSIVE;
				CLANG_CXX_LANGUAGE_STANDARD = "gnu++14";
				CLANG_CXX_LIBRARY = "libc++";
				CLANG_ENABLE_MODULES = YES;
				CLANG_ENABLE_OBJC_ARC = YES;
				CLANG_ENABLE_OBJC_WEAK = YES;
				CLANG_WARN_BLOCK_CAPTURE_AUTORELEASING = YES;
				CLANG_WARN_BOOL_CONVERSION = YES;
				CLANG_WARN_COMMA = YES;
				CLANG_WARN_CONSTANT_CONVERSION = YES;
				CLANG_WARN_DEPRECATED_OBJC_IMPLEMENTATIONS = YES;
				CLANG_WARN_DIRECT_OBJC_ISA_USAGE = YES_ERROR;
				CLANG_WARN_DOCUMENTATION_COMMENTS = YES;
				CLANG_WARN_EMPTY_BODY = YES;
				CLANG_WARN_ENUM_CONVERSION = YES;
				CLANG_WARN_INFINITE_RECURSION = YES;
				CLANG_WARN_INT_CONVERSION = YES;
				CLANG_WARN_NON_LITERAL_NULL_CONVERSION = YES;
				CLANG_WARN_OBJC_IMPLICIT_RETAIN_SELF = YES;
				CLANG_WARN_OBJC_LITERAL_CONVERSION = YES;
				CLANG_WARN_OBJC_ROOT_CLASS = YES_ERROR;
				CLANG_WARN_RANGE_LOOP_ANALYSIS = YES;
				CLANG_WARN_STRICT_PROTOTYPES = YES;
				CLANG_WARN_SUSPICIOUS_MOVE = YES;
				CLANG_WARN_UNGUARDED_AVAILABILITY = YES_AGGRESSIVE;
				CLANG_WARN_UNREACHABLE_CODE = YES;
				CLANG_WARN__DUPLICATE_METHOD_MATCH = YES;
				COPY_PHASE_STRIP = NO;
				DEBUG_INFORMATION_FORMAT = "dwarf-with-dsym";
				ENABLE_NS_ASSERTIONS = NO;
				ENABLE_STRICT_OBJC_MSGSEND = YES;
				GCC_C_LANGUAGE_STANDARD = gnu11;
				GCC_NO_COMMON_BLOCKS = YES;
				GCC_WARN_64_TO_32_BIT_CONVERSION = YES;
				GCC_WARN_ABOUT_RETURN_TYPE = YES_ERROR;
				GCC_WARN_UNDECLARED_SELECTOR = YES;
				GCC_WARN_UNINITIALIZED_AUTOS = YES_AGGRESSIVE;
				GCC_WARN_UNUSED_FUNCTION = YES;
				GCC_WARN_UNUSED_VARIABLE = YES;
				IPHONEOS_DEPLOYMENT_TARGET = 13.4;
				MTL_ENABLE_DEBUG_INFO = NO;
				MTL_FAST_MATH = YES;
				SDKROOT = iphoneos;
				SWIFT_COMPILATION_MODE = wholemodule;
				SWIFT_OPTIMIZATION_LEVEL = "-O";
				VALIDATE_PRODUCT = YES;
			};
			name = Release;
		};
		DACF0056243645150080D201 /* Debug */ = {
			isa = XCBuildConfiguration;
			buildSettings = {
				ASSETCATALOG_COMPILER_APPICON_NAME = AppIcon;
				CODE_SIGN_STYLE = Automatic;
				DEVELOPMENT_TEAM = 56RSAUGJH3;
				INFOPLIST_FILE = "NLR AR/Info.plist";
				IPHONEOS_DEPLOYMENT_TARGET = 13.5;
				LD_RUNPATH_SEARCH_PATHS = (
					"$(inherited)",
					"@executable_path/Frameworks",
				);
				PRODUCT_BUNDLE_IDENTIFIER = "com.rs.NLR-AR";
				PRODUCT_NAME = "$(TARGET_NAME)";
				SWIFT_VERSION = 5.0;
				TARGETED_DEVICE_FAMILY = "1,2";
			};
			name = Debug;
		};
		DACF0057243645150080D201 /* Release */ = {
			isa = XCBuildConfiguration;
			buildSettings = {
				ASSETCATALOG_COMPILER_APPICON_NAME = AppIcon;
				CODE_SIGN_STYLE = Automatic;
				DEVELOPMENT_TEAM = 56RSAUGJH3;
				INFOPLIST_FILE = "NLR AR/Info.plist";
				IPHONEOS_DEPLOYMENT_TARGET = 13.5;
				LD_RUNPATH_SEARCH_PATHS = (
					"$(inherited)",
					"@executable_path/Frameworks",
				);
				PRODUCT_BUNDLE_IDENTIFIER = "com.rs.NLR-AR";
				PRODUCT_NAME = "$(TARGET_NAME)";
				SWIFT_VERSION = 5.0;
				TARGETED_DEVICE_FAMILY = "1,2";
			};
			name = Release;
		};
		DACF0059243645150080D201 /* Debug */ = {
			isa = XCBuildConfiguration;
			buildSettings = {
				ALWAYS_EMBED_SWIFT_STANDARD_LIBRARIES = YES;
				BUNDLE_LOADER = "$(TEST_HOST)";
				CODE_SIGN_STYLE = Automatic;
				DEVELOPMENT_TEAM = 7U2CF25QL7;
				INFOPLIST_FILE = "NLR ARTests/Info.plist";
				IPHONEOS_DEPLOYMENT_TARGET = 13.4;
				LD_RUNPATH_SEARCH_PATHS = (
					"$(inherited)",
					"@executable_path/Frameworks",
					"@loader_path/Frameworks",
				);
				PRODUCT_BUNDLE_IDENTIFIER = "com.go.NLR-ARTests";
				PRODUCT_NAME = "$(TARGET_NAME)";
				SWIFT_VERSION = 5.0;
				TARGETED_DEVICE_FAMILY = "1,2";
				TEST_HOST = "$(BUILT_PRODUCTS_DIR)/NLR AR.app/NLR AR";
			};
			name = Debug;
		};
		DACF005A243645150080D201 /* Release */ = {
			isa = XCBuildConfiguration;
			buildSettings = {
				ALWAYS_EMBED_SWIFT_STANDARD_LIBRARIES = YES;
				BUNDLE_LOADER = "$(TEST_HOST)";
				CODE_SIGN_STYLE = Automatic;
				DEVELOPMENT_TEAM = 7U2CF25QL7;
				INFOPLIST_FILE = "NLR ARTests/Info.plist";
				IPHONEOS_DEPLOYMENT_TARGET = 13.4;
				LD_RUNPATH_SEARCH_PATHS = (
					"$(inherited)",
					"@executable_path/Frameworks",
					"@loader_path/Frameworks",
				);
				PRODUCT_BUNDLE_IDENTIFIER = "com.go.NLR-ARTests";
				PRODUCT_NAME = "$(TARGET_NAME)";
				SWIFT_VERSION = 5.0;
				TARGETED_DEVICE_FAMILY = "1,2";
				TEST_HOST = "$(BUILT_PRODUCTS_DIR)/NLR AR.app/NLR AR";
			};
			name = Release;
		};
		DACF005C243645150080D201 /* Debug */ = {
			isa = XCBuildConfiguration;
			buildSettings = {
				ALWAYS_EMBED_SWIFT_STANDARD_LIBRARIES = YES;
				CODE_SIGN_STYLE = Automatic;
				DEVELOPMENT_TEAM = 7U2CF25QL7;
				INFOPLIST_FILE = "NLR ARUITests/Info.plist";
				LD_RUNPATH_SEARCH_PATHS = (
					"$(inherited)",
					"@executable_path/Frameworks",
					"@loader_path/Frameworks",
				);
				PRODUCT_BUNDLE_IDENTIFIER = "com.go.NLR-ARUITests";
				PRODUCT_NAME = "$(TARGET_NAME)";
				SWIFT_VERSION = 5.0;
				TARGETED_DEVICE_FAMILY = "1,2";
				TEST_TARGET_NAME = "NLR AR";
			};
			name = Debug;
		};
		DACF005D243645150080D201 /* Release */ = {
			isa = XCBuildConfiguration;
			buildSettings = {
				ALWAYS_EMBED_SWIFT_STANDARD_LIBRARIES = YES;
				CODE_SIGN_STYLE = Automatic;
				DEVELOPMENT_TEAM = 7U2CF25QL7;
				INFOPLIST_FILE = "NLR ARUITests/Info.plist";
				LD_RUNPATH_SEARCH_PATHS = (
					"$(inherited)",
					"@executable_path/Frameworks",
					"@loader_path/Frameworks",
				);
				PRODUCT_BUNDLE_IDENTIFIER = "com.go.NLR-ARUITests";
				PRODUCT_NAME = "$(TARGET_NAME)";
				SWIFT_VERSION = 5.0;
				TARGETED_DEVICE_FAMILY = "1,2";
				TEST_TARGET_NAME = "NLR AR";
			};
			name = Release;
		};
/* End XCBuildConfiguration section */

/* Begin XCConfigurationList section */
		DACF0023243645120080D201 /* Build configuration list for PBXProject "NLR AR" */ = {
			isa = XCConfigurationList;
			buildConfigurations = (
				DACF0053243645150080D201 /* Debug */,
				DACF0054243645150080D201 /* Release */,
			);
			defaultConfigurationIsVisible = 0;
			defaultConfigurationName = Release;
		};
		DACF0055243645150080D201 /* Build configuration list for PBXNativeTarget "NLR AR" */ = {
			isa = XCConfigurationList;
			buildConfigurations = (
				DACF0056243645150080D201 /* Debug */,
				DACF0057243645150080D201 /* Release */,
			);
			defaultConfigurationIsVisible = 0;
			defaultConfigurationName = Release;
		};
		DACF0058243645150080D201 /* Build configuration list for PBXNativeTarget "NLR ARTests" */ = {
			isa = XCConfigurationList;
			buildConfigurations = (
				DACF0059243645150080D201 /* Debug */,
				DACF005A243645150080D201 /* Release */,
			);
			defaultConfigurationIsVisible = 0;
			defaultConfigurationName = Release;
		};
		DACF005B243645150080D201 /* Build configuration list for PBXNativeTarget "NLR ARUITests" */ = {
			isa = XCConfigurationList;
			buildConfigurations = (
				DACF005C243645150080D201 /* Debug */,
				DACF005D243645150080D201 /* Release */,
			);
			defaultConfigurationIsVisible = 0;
			defaultConfigurationName = Release;
		};
/* End XCConfigurationList section */

/* Begin XCVersionGroup section */
		DAE2C318247928C400B58E81 /* NLR_AR.xcdatamodeld */ = {
			isa = XCVersionGroup;
			children = (
				DAE2C319247928C400B58E81 /* NLR_AR.xcdatamodel */,
			);
			currentVersion = DAE2C319247928C400B58E81 /* NLR_AR.xcdatamodel */;
			path = NLR_AR.xcdatamodeld;
			sourceTree = "<group>";
			versionGroupType = wrapper.xcdatamodel;
		};
/* End XCVersionGroup section */
	};
	rootObject = DACF0020243645120080D201 /* Project object */;
}
